{
  "name": "assets",
  "lockfileVersion": 2,
  "requires": true,
  "packages": {
    "": {
      "dependencies": {
        "clipboard-copy": "^4.0.1",
        "milligram": "^1.4.1"
      }
    },
    "node_modules/clipboard-copy": {
      "version": "4.0.1",
      "resolved": "https://registry.npmjs.org/clipboard-copy/-/clipboard-copy-4.0.1.tgz",
      "integrity": "sha512-wOlqdqziE/NNTUJsfSgXmBMIrYmfd5V0HCGsR8uAKHcg+h9NENWINcfRjtWGU77wDHC8B8ijV4hMTGYbrKovng==",
      "funding": [
        {
          "type": "github",
          "url": "https://github.com/sponsors/feross"
        },
        {
          "type": "patreon",
          "url": "https://www.patreon.com/feross"
        },
        {
          "type": "consulting",
          "url": "https://feross.org/support"
        }
      ]
    },
    "node_modules/milligram": {
      "version": "1.4.1",
      "resolved": "https://registry.npmjs.org/milligram/-/milligram-1.4.1.tgz",
      "integrity": "sha512-RCgh/boHhcXWOUfKJWm3RJRoUeaEguoipDg0mJ31G0tFfvcpWMUlO1Zlqqr12K4kAXfDlllaidu0x7PaL2PTFg==",
      "dependencies": {
        "normalize.css": "~8.0.1"
      }
    },
    "node_modules/normalize.css": {
      "version": "8.0.1",
      "resolved": "https://registry.npmjs.org/normalize.css/-/normalize.css-8.0.1.tgz",
      "integrity": "sha512-qizSNPO93t1YUuUhP22btGOo3chcvDFqFaj2TRybP0DMxkHOCTYwp3n34fel4a31ORXy4m1Xq0Gyqpb5m33qIg=="
    }
  },
  "dependencies": {
    "clipboard-copy": {
      "version": "4.0.1",
      "resolved": "https://registry.npmjs.org/clipboard-copy/-/clipboard-copy-4.0.1.tgz",
      "integrity": "sha512-wOlqdqziE/NNTUJsfSgXmBMIrYmfd5V0HCGsR8uAKHcg+h9NENWINcfRjtWGU77wDHC8B8ijV4hMTGYbrKovng=="
    },
    "milligram": {
      "version": "1.4.1",
      "resolved": "https://registry.npmjs.org/milligram/-/milligram-1.4.1.tgz",
      "integrity": "sha512-RCgh/boHhcXWOUfKJWm3RJRoUeaEguoipDg0mJ31G0tFfvcpWMUlO1Zlqqr12K4kAXfDlllaidu0x7PaL2PTFg==",
      "requires": {
        "normalize.css": "~8.0.1"
      }
    },
    "normalize.css": {
      "version": "8.0.1",
      "resolved": "https://registry.npmjs.org/normalize.css/-/normalize.css-8.0.1.tgz",
      "integrity": "sha512-qizSNPO93t1YUuUhP22btGOo3chcvDFqFaj2TRybP0DMxkHOCTYwp3n34fel4a31ORXy4m1Xq0Gyqpb5m33qIg=="
    }
  }
}
